
Microsoft Visual Studio Solution File, Format Version 12.00
# Visual Studio Version 17
VisualStudioVersion = 17.4.33110.190
MinimumVisualStudioVersion = 10.0.40219.1
Project("{9A19103F-16F7-4668-BE54-9A1E7A4F7556}") = "Editing a Form in the Designer", "Editing a Form in the Designer\Editing a Form in the Designer.csproj", "{AC43E084-3914-4589-A4CF-270607CA571F}"
EndProject
Project("{9A19103F-16F7-4668-BE54-9A1E7A4F7556}") = "Viewing Forms and Parsing Results", "Viewing Forms and Parsing Results\Viewing Forms and Parsing Results.csproj", "{6033DA8F-72C2-498A-BCD3-C02C916EC32D}"
EndProject
Project("{FAE04EC0-301F-11D3-BF4B-00C04F79EFBC}") = "Working with Forms from Code", "Working with Forms from Code\Working with Forms from Code.csproj", "{A3EDB3F2-F649-4969-810F-A5F49644EDA7}"
EndProject
Global
	GlobalSection(SolutionConfigurationPlatforms) = preSolution
		Debug|Any CPU = Debug|Any CPU
		Release|Any CPU = Release|Any CPU
	EndGlobalSection
	GlobalSection(ProjectConfigurationPlatforms) = postSolution
		{AC43E084-3914-4589-A4CF-270607CA571F}.Debug|Any CPU.ActiveCfg = Debug|Any CPU
		{AC43E084-3914-4589-A4CF-270607CA571F}.Debug|Any CPU.Build.0 = Debug|Any CPU
		{AC43E084-3914-4589-A4CF-270607CA571F}.Release|Any CPU.ActiveCfg = Release|Any CPU
		{AC43E084-3914-4589-A4CF-270607CA571F}.Release|Any CPU.Build.0 = Release|Any CPU
		{6033DA8F-72C2-498A-BCD3-C02C916EC32D}.Debug|Any CPU.ActiveCfg = Debug|Any CPU
		{6033DA8F-72C2-498A-BCD3-C02C916EC32D}.Debug|Any CPU.Build.0 = Debug|Any CPU
		{6033DA8F-72C2-498A-BCD3-C02C916EC32D}.Release|Any CPU.ActiveCfg = Release|Any CPU
		{6033DA8F-72C2-498A-BCD3-C02C916EC32D}.Release|Any CPU.Build.0 = Release|Any CPU
		{A3EDB3F2-F649-4969-810F-A5F49644EDA7}.Debug|Any CPU.ActiveCfg = Debug|Any CPU
		{A3EDB3F2-F649-4969-810F-A5F49644EDA7}.Debug|Any CPU.Build.0 = Debug|Any CPU
		{A3EDB3F2-F649-4969-810F-A5F49644EDA7}.Release|Any CPU.ActiveCfg = Release|Any CPU
		{A3EDB3F2-F649-4969-810F-A5F49644EDA7}.Release|Any CPU.Build.0 = Release|Any CPU
	EndGlobalSection
	GlobalSection(SolutionProperties) = preSolution
		HideSolutionNode = FALSE
	EndGlobalSection
	GlobalSection(ExtensibilityGlobals) = postSolution
		SolutionGuid = {ECB3E379-C098-44B0-B6C9-69F618185636}
	EndGlobalSection
EndGlobal
