
Microsoft Visual Studio Solution File, Format Version 12.00
# Visual Studio Version 17
VisualStudioVersion = 17.4.33110.190
MinimumVisualStudioVersion = 10.0.40219.1
Project("{9A19103F-16F7-4668-BE54-9A1E7A4F7556}") = "Editing a Form in the Designer", "Editing a Form in the Designer\Editing a Form in the Designer.csproj", "{AC43E084-3914-4589-A4CF-270607CA571F}"
EndProject
Project("{9A19103F-16F7-4668-BE54-9A1E7A4F7556}") = "Working with Forms from Code", "Working with Forms from Code\Working with Forms from Code.csproj", "{A3EDB3F2-F649-4969-810F-A5F49644EDA7}"
EndProject
Project("{9A19103F-16F7-4668-BE54-9A1E7A4F7556}") = "Changing Properties from Code", "Changing Properties from Code\Changing Properties from Code.csproj", "{2EF53CE6-D9AF-4E92-9126-B3281B487701}"
EndProject
Project("{9A19103F-16F7-4668-BE54-9A1E7A4F7556}") = "Adding Components from Code", "Adding Components from Code\Adding Components from Code.csproj", "{26FBBBFF-B1F7-444A-823E-EFC15B341907}"
EndProject
Project("{9A19103F-16F7-4668-BE54-9A1E7A4F7556}") = "Create Form with Table", "Create Form with Table\Create Form with Table.csproj", "{64203F8E-B49F-4DA8-8B91-17A8A9F73EC4}"
EndProject
Project("{9A19103F-16F7-4668-BE54-9A1E7A4F7556}") = "Loading Form from String", "Loading Form from String\Loading Form from String.csproj", "{29DBDC2A-C290-4476-953F-E51E1C7FFE19}"
EndProject
Project("{9A19103F-16F7-4668-BE54-9A1E7A4F7556}") = "Send Form by Email", "Send Form by Email\Send Form by Email.csproj", "{7515CC35-A971-41AD-BB26-390F38522F95}"
EndProject
Project("{9A19103F-16F7-4668-BE54-9A1E7A4F7556}") = "Loading Form from File", "Loading Form from File\Loading Form from File.csproj", "{AAD9EA12-7433-4C92-9BC5-874A28AD12DC}"
EndProject
Project("{9A19103F-16F7-4668-BE54-9A1E7A4F7556}") = "Loading Form from Resource", "Loading Form from Resource\Loading Form from Resource.csproj", "{AE2AAE6A-7297-46F1-B1A5-C2B29226CAD2}"
EndProject
Project("{9A19103F-16F7-4668-BE54-9A1E7A4F7556}") = "Loading Encrypted Form", "Loading Encrypted Form\Loading Encrypted Form.csproj", "{570F8248-6F73-4FE9-B1D2-BC0D65947E5D}"
EndProject
Project("{9A19103F-16F7-4668-BE54-9A1E7A4F7556}") = "Generate PDF from Form Submission", "Generate PDF from Form Submission\Generate PDF from Form Submission.csproj", "{6BFB8412-C077-4430-83F7-DD6E14C78259}"
EndProject
Project("{9A19103F-16F7-4668-BE54-9A1E7A4F7556}") = "Viewing Forms and Parsing Submission Results", "Viewing Forms and Parsing Submission Results\Viewing Forms and Parsing Submission Results.csproj", "{232135C9-C8F9-4FD2-9796-129B96F239B1}"
EndProject
Project("{9A19103F-16F7-4668-BE54-9A1E7A4F7556}") = "Loading Fields Data from PDF", "Loading Fields Data from PDF\Loading Fields Data from PDF.csproj", "{E65CB400-EA0F-42B9-B93C-C666B269503F}"
EndProject
Project("{9A19103F-16F7-4668-BE54-9A1E7A4F7556}") = "Fill Form Data from Database", "Fill Form Data from Database\Fill Form Data from Database.csproj", "{6CC83CB7-2B2A-4B28-B2D0-3471E14F7419}"
EndProject
Project("{9A19103F-16F7-4668-BE54-9A1E7A4F7556}") = "Integration Form Component", "Integration Form Component\Integration Form Component.csproj", "{A80BBCEF-32B3-40C6-B21E-74CD24A88AC8}"
EndProject
Global
	GlobalSection(SolutionConfigurationPlatforms) = preSolution
		Debug|Any CPU = Debug|Any CPU
		Debug-Cloud|Any CPU = Debug-Cloud|Any CPU
		Release|Any CPU = Release|Any CPU
		Release-Cloud|Any CPU = Release-Cloud|Any CPU
	EndGlobalSection
	GlobalSection(ProjectConfigurationPlatforms) = postSolution
		{AC43E084-3914-4589-A4CF-270607CA571F}.Debug|Any CPU.ActiveCfg = Debug|Any CPU
		{AC43E084-3914-4589-A4CF-270607CA571F}.Debug|Any CPU.Build.0 = Debug|Any CPU
		{AC43E084-3914-4589-A4CF-270607CA571F}.Debug-Cloud|Any CPU.ActiveCfg = Debug|Any CPU
		{AC43E084-3914-4589-A4CF-270607CA571F}.Debug-Cloud|Any CPU.Build.0 = Debug|Any CPU
		{AC43E084-3914-4589-A4CF-270607CA571F}.Release|Any CPU.ActiveCfg = Release|Any CPU
		{AC43E084-3914-4589-A4CF-270607CA571F}.Release|Any CPU.Build.0 = Release|Any CPU
		{AC43E084-3914-4589-A4CF-270607CA571F}.Release-Cloud|Any CPU.ActiveCfg = Release|Any CPU
		{AC43E084-3914-4589-A4CF-270607CA571F}.Release-Cloud|Any CPU.Build.0 = Release|Any CPU
		{A3EDB3F2-F649-4969-810F-A5F49644EDA7}.Debug|Any CPU.ActiveCfg = Debug|Any CPU
		{A3EDB3F2-F649-4969-810F-A5F49644EDA7}.Debug|Any CPU.Build.0 = Debug|Any CPU
		{A3EDB3F2-F649-4969-810F-A5F49644EDA7}.Debug-Cloud|Any CPU.ActiveCfg = Debug|Any CPU
		{A3EDB3F2-F649-4969-810F-A5F49644EDA7}.Debug-Cloud|Any CPU.Build.0 = Debug|Any CPU
		{A3EDB3F2-F649-4969-810F-A5F49644EDA7}.Release|Any CPU.ActiveCfg = Release|Any CPU
		{A3EDB3F2-F649-4969-810F-A5F49644EDA7}.Release|Any CPU.Build.0 = Release|Any CPU
		{A3EDB3F2-F649-4969-810F-A5F49644EDA7}.Release-Cloud|Any CPU.ActiveCfg = Release|Any CPU
		{A3EDB3F2-F649-4969-810F-A5F49644EDA7}.Release-Cloud|Any CPU.Build.0 = Release|Any CPU
		{2EF53CE6-D9AF-4E92-9126-B3281B487701}.Debug|Any CPU.ActiveCfg = Debug|Any CPU
		{2EF53CE6-D9AF-4E92-9126-B3281B487701}.Debug|Any CPU.Build.0 = Debug|Any CPU
		{2EF53CE6-D9AF-4E92-9126-B3281B487701}.Debug-Cloud|Any CPU.ActiveCfg = Debug|Any CPU
		{2EF53CE6-D9AF-4E92-9126-B3281B487701}.Debug-Cloud|Any CPU.Build.0 = Debug|Any CPU
		{2EF53CE6-D9AF-4E92-9126-B3281B487701}.Release|Any CPU.ActiveCfg = Release|Any CPU
		{2EF53CE6-D9AF-4E92-9126-B3281B487701}.Release|Any CPU.Build.0 = Release|Any CPU
		{2EF53CE6-D9AF-4E92-9126-B3281B487701}.Release-Cloud|Any CPU.ActiveCfg = Release|Any CPU
		{2EF53CE6-D9AF-4E92-9126-B3281B487701}.Release-Cloud|Any CPU.Build.0 = Release|Any CPU
		{26FBBBFF-B1F7-444A-823E-EFC15B341907}.Debug|Any CPU.ActiveCfg = Debug|Any CPU
		{26FBBBFF-B1F7-444A-823E-EFC15B341907}.Debug|Any CPU.Build.0 = Debug|Any CPU
		{26FBBBFF-B1F7-444A-823E-EFC15B341907}.Debug-Cloud|Any CPU.ActiveCfg = Debug|Any CPU
		{26FBBBFF-B1F7-444A-823E-EFC15B341907}.Debug-Cloud|Any CPU.Build.0 = Debug|Any CPU
		{26FBBBFF-B1F7-444A-823E-EFC15B341907}.Release|Any CPU.ActiveCfg = Release|Any CPU
		{26FBBBFF-B1F7-444A-823E-EFC15B341907}.Release|Any CPU.Build.0 = Release|Any CPU
		{26FBBBFF-B1F7-444A-823E-EFC15B341907}.Release-Cloud|Any CPU.ActiveCfg = Release|Any CPU
		{26FBBBFF-B1F7-444A-823E-EFC15B341907}.Release-Cloud|Any CPU.Build.0 = Release|Any CPU
		{64203F8E-B49F-4DA8-8B91-17A8A9F73EC4}.Debug|Any CPU.ActiveCfg = Debug|Any CPU
		{64203F8E-B49F-4DA8-8B91-17A8A9F73EC4}.Debug|Any CPU.Build.0 = Debug|Any CPU
		{64203F8E-B49F-4DA8-8B91-17A8A9F73EC4}.Debug-Cloud|Any CPU.ActiveCfg = Debug|Any CPU
		{64203F8E-B49F-4DA8-8B91-17A8A9F73EC4}.Debug-Cloud|Any CPU.Build.0 = Debug|Any CPU
		{64203F8E-B49F-4DA8-8B91-17A8A9F73EC4}.Release|Any CPU.ActiveCfg = Release|Any CPU
		{64203F8E-B49F-4DA8-8B91-17A8A9F73EC4}.Release|Any CPU.Build.0 = Release|Any CPU
		{64203F8E-B49F-4DA8-8B91-17A8A9F73EC4}.Release-Cloud|Any CPU.ActiveCfg = Release|Any CPU
		{64203F8E-B49F-4DA8-8B91-17A8A9F73EC4}.Release-Cloud|Any CPU.Build.0 = Release|Any CPU
		{29DBDC2A-C290-4476-953F-E51E1C7FFE19}.Debug|Any CPU.ActiveCfg = Debug|Any CPU
		{29DBDC2A-C290-4476-953F-E51E1C7FFE19}.Debug|Any CPU.Build.0 = Debug|Any CPU
		{29DBDC2A-C290-4476-953F-E51E1C7FFE19}.Debug-Cloud|Any CPU.ActiveCfg = Debug|Any CPU
		{29DBDC2A-C290-4476-953F-E51E1C7FFE19}.Debug-Cloud|Any CPU.Build.0 = Debug|Any CPU
		{29DBDC2A-C290-4476-953F-E51E1C7FFE19}.Release|Any CPU.ActiveCfg = Release|Any CPU
		{29DBDC2A-C290-4476-953F-E51E1C7FFE19}.Release|Any CPU.Build.0 = Release|Any CPU
		{29DBDC2A-C290-4476-953F-E51E1C7FFE19}.Release-Cloud|Any CPU.ActiveCfg = Release|Any CPU
		{29DBDC2A-C290-4476-953F-E51E1C7FFE19}.Release-Cloud|Any CPU.Build.0 = Release|Any CPU
		{7515CC35-A971-41AD-BB26-390F38522F95}.Debug|Any CPU.ActiveCfg = Debug|Any CPU
		{7515CC35-A971-41AD-BB26-390F38522F95}.Debug|Any CPU.Build.0 = Debug|Any CPU
		{7515CC35-A971-41AD-BB26-390F38522F95}.Debug-Cloud|Any CPU.ActiveCfg = Debug|Any CPU
		{7515CC35-A971-41AD-BB26-390F38522F95}.Debug-Cloud|Any CPU.Build.0 = Debug|Any CPU
		{7515CC35-A971-41AD-BB26-390F38522F95}.Release|Any CPU.ActiveCfg = Release|Any CPU
		{7515CC35-A971-41AD-BB26-390F38522F95}.Release|Any CPU.Build.0 = Release|Any CPU
		{7515CC35-A971-41AD-BB26-390F38522F95}.Release-Cloud|Any CPU.ActiveCfg = Release|Any CPU
		{7515CC35-A971-41AD-BB26-390F38522F95}.Release-Cloud|Any CPU.Build.0 = Release|Any CPU
		{AAD9EA12-7433-4C92-9BC5-874A28AD12DC}.Debug|Any CPU.ActiveCfg = Debug|Any CPU
		{AAD9EA12-7433-4C92-9BC5-874A28AD12DC}.Debug|Any CPU.Build.0 = Debug|Any CPU
		{AAD9EA12-7433-4C92-9BC5-874A28AD12DC}.Debug-Cloud|Any CPU.ActiveCfg = Debug|Any CPU
		{AAD9EA12-7433-4C92-9BC5-874A28AD12DC}.Debug-Cloud|Any CPU.Build.0 = Debug|Any CPU
		{AAD9EA12-7433-4C92-9BC5-874A28AD12DC}.Release|Any CPU.ActiveCfg = Release|Any CPU
		{AAD9EA12-7433-4C92-9BC5-874A28AD12DC}.Release|Any CPU.Build.0 = Release|Any CPU
		{AAD9EA12-7433-4C92-9BC5-874A28AD12DC}.Release-Cloud|Any CPU.ActiveCfg = Release|Any CPU
		{AAD9EA12-7433-4C92-9BC5-874A28AD12DC}.Release-Cloud|Any CPU.Build.0 = Release|Any CPU
		{AE2AAE6A-7297-46F1-B1A5-C2B29226CAD2}.Debug|Any CPU.ActiveCfg = Debug|Any CPU
		{AE2AAE6A-7297-46F1-B1A5-C2B29226CAD2}.Debug|Any CPU.Build.0 = Debug|Any CPU
		{AE2AAE6A-7297-46F1-B1A5-C2B29226CAD2}.Debug-Cloud|Any CPU.ActiveCfg = Debug|Any CPU
		{AE2AAE6A-7297-46F1-B1A5-C2B29226CAD2}.Debug-Cloud|Any CPU.Build.0 = Debug|Any CPU
		{AE2AAE6A-7297-46F1-B1A5-C2B29226CAD2}.Release|Any CPU.ActiveCfg = Release|Any CPU
		{AE2AAE6A-7297-46F1-B1A5-C2B29226CAD2}.Release|Any CPU.Build.0 = Release|Any CPU
		{AE2AAE6A-7297-46F1-B1A5-C2B29226CAD2}.Release-Cloud|Any CPU.ActiveCfg = Release|Any CPU
		{AE2AAE6A-7297-46F1-B1A5-C2B29226CAD2}.Release-Cloud|Any CPU.Build.0 = Release|Any CPU
		{570F8248-6F73-4FE9-B1D2-BC0D65947E5D}.Debug|Any CPU.ActiveCfg = Debug|Any CPU
		{570F8248-6F73-4FE9-B1D2-BC0D65947E5D}.Debug|Any CPU.Build.0 = Debug|Any CPU
		{570F8248-6F73-4FE9-B1D2-BC0D65947E5D}.Debug-Cloud|Any CPU.ActiveCfg = Debug|Any CPU
		{570F8248-6F73-4FE9-B1D2-BC0D65947E5D}.Debug-Cloud|Any CPU.Build.0 = Debug|Any CPU
		{570F8248-6F73-4FE9-B1D2-BC0D65947E5D}.Release|Any CPU.ActiveCfg = Release|Any CPU
		{570F8248-6F73-4FE9-B1D2-BC0D65947E5D}.Release|Any CPU.Build.0 = Release|Any CPU
		{570F8248-6F73-4FE9-B1D2-BC0D65947E5D}.Release-Cloud|Any CPU.ActiveCfg = Release|Any CPU
		{570F8248-6F73-4FE9-B1D2-BC0D65947E5D}.Release-Cloud|Any CPU.Build.0 = Release|Any CPU
		{6BFB8412-C077-4430-83F7-DD6E14C78259}.Debug|Any CPU.ActiveCfg = Debug|Any CPU
		{6BFB8412-C077-4430-83F7-DD6E14C78259}.Debug|Any CPU.Build.0 = Debug|Any CPU
		{6BFB8412-C077-4430-83F7-DD6E14C78259}.Debug-Cloud|Any CPU.ActiveCfg = Debug|Any CPU
		{6BFB8412-C077-4430-83F7-DD6E14C78259}.Debug-Cloud|Any CPU.Build.0 = Debug|Any CPU
		{6BFB8412-C077-4430-83F7-DD6E14C78259}.Release|Any CPU.ActiveCfg = Release|Any CPU
		{6BFB8412-C077-4430-83F7-DD6E14C78259}.Release|Any CPU.Build.0 = Release|Any CPU
		{6BFB8412-C077-4430-83F7-DD6E14C78259}.Release-Cloud|Any CPU.ActiveCfg = Release|Any CPU
		{6BFB8412-C077-4430-83F7-DD6E14C78259}.Release-Cloud|Any CPU.Build.0 = Release|Any CPU
		{232135C9-C8F9-4FD2-9796-129B96F239B1}.Debug|Any CPU.ActiveCfg = Debug|Any CPU
		{232135C9-C8F9-4FD2-9796-129B96F239B1}.Debug|Any CPU.Build.0 = Debug|Any CPU
		{232135C9-C8F9-4FD2-9796-129B96F239B1}.Debug-Cloud|Any CPU.ActiveCfg = Debug|Any CPU
		{232135C9-C8F9-4FD2-9796-129B96F239B1}.Debug-Cloud|Any CPU.Build.0 = Debug|Any CPU
		{232135C9-C8F9-4FD2-9796-129B96F239B1}.Release|Any CPU.ActiveCfg = Release|Any CPU
		{232135C9-C8F9-4FD2-9796-129B96F239B1}.Release|Any CPU.Build.0 = Release|Any CPU
		{232135C9-C8F9-4FD2-9796-129B96F239B1}.Release-Cloud|Any CPU.ActiveCfg = Release|Any CPU
		{232135C9-C8F9-4FD2-9796-129B96F239B1}.Release-Cloud|Any CPU.Build.0 = Release|Any CPU
		{E65CB400-EA0F-42B9-B93C-C666B269503F}.Debug|Any CPU.ActiveCfg = Debug|Any CPU
		{E65CB400-EA0F-42B9-B93C-C666B269503F}.Debug|Any CPU.Build.0 = Debug|Any CPU
		{E65CB400-EA0F-42B9-B93C-C666B269503F}.Debug-Cloud|Any CPU.ActiveCfg = Debug|Any CPU
		{E65CB400-EA0F-42B9-B93C-C666B269503F}.Debug-Cloud|Any CPU.Build.0 = Debug|Any CPU
		{E65CB400-EA0F-42B9-B93C-C666B269503F}.Release|Any CPU.ActiveCfg = Release|Any CPU
		{E65CB400-EA0F-42B9-B93C-C666B269503F}.Release|Any CPU.Build.0 = Release|Any CPU
		{E65CB400-EA0F-42B9-B93C-C666B269503F}.Release-Cloud|Any CPU.ActiveCfg = Release|Any CPU
		{E65CB400-EA0F-42B9-B93C-C666B269503F}.Release-Cloud|Any CPU.Build.0 = Release|Any CPU
		{6CC83CB7-2B2A-4B28-B2D0-3471E14F7419}.Debug|Any CPU.ActiveCfg = Debug|Any CPU
		{6CC83CB7-2B2A-4B28-B2D0-3471E14F7419}.Debug|Any CPU.Build.0 = Debug|Any CPU
		{6CC83CB7-2B2A-4B28-B2D0-3471E14F7419}.Debug-Cloud|Any CPU.ActiveCfg = Debug|Any CPU
		{6CC83CB7-2B2A-4B28-B2D0-3471E14F7419}.Debug-Cloud|Any CPU.Build.0 = Debug|Any CPU
		{6CC83CB7-2B2A-4B28-B2D0-3471E14F7419}.Release|Any CPU.ActiveCfg = Release|Any CPU
		{6CC83CB7-2B2A-4B28-B2D0-3471E14F7419}.Release|Any CPU.Build.0 = Release|Any CPU
		{6CC83CB7-2B2A-4B28-B2D0-3471E14F7419}.Release-Cloud|Any CPU.ActiveCfg = Release|Any CPU
		{6CC83CB7-2B2A-4B28-B2D0-3471E14F7419}.Release-Cloud|Any CPU.Build.0 = Release|Any CPU
		{A80BBCEF-32B3-40C6-B21E-74CD24A88AC8}.Debug|Any CPU.ActiveCfg = Debug|Any CPU
		{A80BBCEF-32B3-40C6-B21E-74CD24A88AC8}.Debug|Any CPU.Build.0 = Debug|Any CPU
		{A80BBCEF-32B3-40C6-B21E-74CD24A88AC8}.Debug-Cloud|Any CPU.ActiveCfg = Debug|Any CPU
		{A80BBCEF-32B3-40C6-B21E-74CD24A88AC8}.Debug-Cloud|Any CPU.Build.0 = Debug|Any CPU
		{A80BBCEF-32B3-40C6-B21E-74CD24A88AC8}.Release|Any CPU.ActiveCfg = Release|Any CPU
		{A80BBCEF-32B3-40C6-B21E-74CD24A88AC8}.Release|Any CPU.Build.0 = Release|Any CPU
		{A80BBCEF-32B3-40C6-B21E-74CD24A88AC8}.Release-Cloud|Any CPU.ActiveCfg = Release|Any CPU
		{A80BBCEF-32B3-40C6-B21E-74CD24A88AC8}.Release-Cloud|Any CPU.Build.0 = Release|Any CPU
	EndGlobalSection
	GlobalSection(SolutionProperties) = preSolution
		HideSolutionNode = FALSE
	EndGlobalSection
	GlobalSection(ExtensibilityGlobals) = postSolution
		SolutionGuid = {ECB3E379-C098-44B0-B6C9-69F618185636}
	EndGlobalSection
EndGlobal
